{
    "name": "@playcanvas/skills",
    "version": "0.1.0",
    "lockfileVersion": 3,
    "requires": true,
    "packages": {
        "": {
            "name": "@playcanvas/skills",
            "version": "0.1.0",
            "license": "MIT",
            "devDependencies": {
                "@playcanvas/react": "0.11.5",
                "@playcanvas/web-components": "0.16.0",
                "@types/react": "19.1.10",
                "playcanvas": "2.21.4",
                "react": "19.1.1",
                "react-dom": "19.1.1",
                "sync-ammo": "0.1.2",
                "typescript": "5.9.2"
            },
            "engines": {
                "node": ">=22.18.0"
            }
        },
        "node_modules/@playcanvas/react": {
            "version": "0.11.5",
            "resolved": "https://registry.npmjs.org/@playcanvas/react/-/react-0.11.5.tgz",
            "integrity": "sha512-GlEyEJf9qCsQ9NoL8vXTFg7a6tsB99udia/AHgJmie1vl+dECPg8Itv8UU4iuiFWhqmF4binP/XPkCCARm6sGQ==",
            "dev": true,
            "license": "MIT",
            "dependencies": {
                "dedent": "^1.6.0"
            },
            "engines": {
                "node": ">=18.0.0"
            },
            "peerDependencies": {
                "playcanvas": "^2.11.8",
                "react": "^18.3.1 || ^19.1.0",
                "react-dom": "^18.3.1 || ^19.1.0",
                "sync-ammo": "^0.1.2"
            },
            "peerDependenciesMeta": {
                "sync-ammo": {
                    "optional": true
                }
            }
        },
        "node_modules/@playcanvas/web-components": {
            "version": "0.16.0",
            "resolved": "https://registry.npmjs.org/@playcanvas/web-components/-/web-components-0.16.0.tgz",
            "integrity": "sha512-aUGLLXxpWw9F5mlAPmeKD/14X3gXZfU75P90brJjTfsdBqXJ07nSKskGjzJhq+vV44It2yxPdJ4oXHR5dk/77Q==",
            "dev": true,
            "license": "MIT",
            "engines": {
                "node": ">=18.3.0"
            },
            "peerDependencies": {
                "playcanvas": "^2.20.1"
            }
        },
        "node_modules/@types/react": {
            "version": "19.1.10",
            "resolved": "https://registry.npmjs.org/@types/react/-/react-19.1.10.tgz",
            "integrity": "sha512-EhBeSYX0Y6ye8pNebpKrwFJq7BoQ8J5SO6NlvNwwHjSj6adXJViPQrKlsyPw7hLBLvckEMO1yxeGdR82YBBlDg==",
            "dev": true,
            "license": "MIT",
            "dependencies": {
                "csstype": "^3.0.2"
            }
        },
        "node_modules/@types/webxr": {
            "version": "0.5.24",
            "resolved": "https://registry.npmjs.org/@types/webxr/-/webxr-0.5.24.tgz",
            "integrity": "sha512-h8fgEd/DpoS9CBrjEQXR+dIDraopAEfu4wYVNY2tEPwk60stPWhvZMf4Foo5FakuQ7HFZoa8WceaWFervK2Ovg==",
            "dev": true,
            "license": "MIT"
        },
        "node_modules/@webgpu/types": {
            "version": "0.1.72",
            "resolved": "https://registry.npmjs.org/@webgpu/types/-/types-0.1.72.tgz",
            "integrity": "sha512-0cF7RFM2edNoiIS1ODJp0/Gzv4/xSXhwoR0YCza+OWpJWtn4wmo9DvK91aLlH9+uUnwIriP7ZiC3WitmyhuzBw==",
            "dev": true,
            "license": "BSD-3-Clause"
        },
        "node_modules/csstype": {
            "version": "3.2.3",
            "resolved": "https://registry.npmjs.org/csstype/-/csstype-3.2.3.tgz",
            "integrity": "sha512-z1HGKcYy2xA8AGQfwrn0PAy+PB7X/GSj3UVJW9qKyn43xWa+gl5nXmU4qqLMRzWVLFC8KusUX8T/0kCiOYpAIQ==",
            "dev": true,
            "license": "MIT"
        },
        "node_modules/dedent": {
            "version": "1.7.2",
            "resolved": "https://registry.npmjs.org/dedent/-/dedent-1.7.2.tgz",
            "integrity": "sha512-WzMx3mW98SN+zn3hgemf4OzdmyNhhhKz5Ay0pUfQiMQ3e1g+xmTJWp/pKdwKVXhdSkAEGIIzqeuWrL3mV/AXbA==",
            "dev": true,
            "license": "MIT",
            "peerDependencies": {
                "babel-plugin-macros": "^3.1.0"
            },
            "peerDependenciesMeta": {
                "babel-plugin-macros": {
                    "optional": true
                }
            }
        },
        "node_modules/playcanvas": {
            "version": "2.21.4",
            "resolved": "https://registry.npmjs.org/playcanvas/-/playcanvas-2.21.4.tgz",
            "integrity": "sha512-L4UGy3z/YT8AaNBEY4ITsZup548UFMabF7loh0YQ0DRwQLdjIW8grmZPoQ1+B83+N6sejRS0/XlXV2Vfb11+fw==",
            "dev": true,
            "license": "MIT",
            "dependencies": {
                "@types/webxr": "^0.5.24",
                "@webgpu/types": "^0.1.70"
            },
            "engines": {
                "node": ">=18.3.0"
            }
        },
        "node_modules/react": {
            "version": "19.1.1",
            "resolved": "https://registry.npmjs.org/react/-/react-19.1.1.tgz",
            "integrity": "sha512-w8nqGImo45dmMIfljjMwOGtbmC/mk4CMYhWIicdSflH91J9TyCyczcPFXJzrZ/ZXcgGRFeP6BU0BEJTw6tZdfQ==",
            "dev": true,
            "license": "MIT",
            "engines": {
                "node": ">=0.10.0"
            }
        },
        "node_modules/react-dom": {
            "version": "19.1.1",
            "resolved": "https://registry.npmjs.org/react-dom/-/react-dom-19.1.1.tgz",
            "integrity": "sha512-Dlq/5LAZgF0Gaz6yiqZCf6VCcZs1ghAJyrsu84Q/GT0gV+mCxbfmKNoGRKBYMJ8IEdGPqu49YWXD02GCknEDkw==",
            "dev": true,
            "license": "MIT",
            "dependencies": {
                "scheduler": "^0.26.0"
            },
            "peerDependencies": {
                "react": "^19.1.1"
            }
        },
        "node_modules/scheduler": {
            "version": "0.26.0",
            "resolved": "https://registry.npmjs.org/scheduler/-/scheduler-0.26.0.tgz",
            "integrity": "sha512-NlHwttCI/l5gCPR3D1nNXtWABUmBwvZpEQiD4IXSbIDq8BzLIK/7Ir5gTFSGZDUu37K5cMNp0hFtzO38sC7gWA==",
            "dev": true,
            "license": "MIT"
        },
        "node_modules/sync-ammo": {
            "version": "0.1.2",
            "resolved": "https://registry.npmjs.org/sync-ammo/-/sync-ammo-0.1.2.tgz",
            "integrity": "sha512-Itf3EYf9ab8/cSVcT3ntE+do4Y57fN2fjsNXNj2RgxW58WjkXeBzL26HkPEJsFc6ly759JXU6ewVupiIH51clg==",
            "dev": true,
            "license": "ISC"
        },
        "node_modules/typescript": {
            "version": "5.9.2",
            "resolved": "https://registry.npmjs.org/typescript/-/typescript-5.9.2.tgz",
            "integrity": "sha512-CWBzXQrc/qOkhidw1OzBTQuYRbfyxDXJMVJ1XNwUHGROVmuaeiEm3OslpZ1RV96d7SKKjZKrSJu3+t/xlw3R9A==",
            "dev": true,
            "license": "Apache-2.0",
            "bin": {
                "tsc": "bin/tsc",
                "tsserver": "bin/tsserver"
            },
            "engines": {
                "node": ">=14.17"
            }
        }
    }
}
